// !$*UTF8*$!
{
	archiveVersion = 1;
	classes = {
	};
	objectVersion = 56;
	objects = {

/* Begin PBXBuildFile section */
		0E869C842A390325004DD6C0 /* CreateNewEvent.swift in Sources */ = {isa = PBXBuildFile; fileRef = 0E869C832A390325004DD6C0 /* CreateNewEvent.swift */; };
		3811CD562A34ED4500886CE4 /* BLOOMFINALApp.swift in Sources */ = {isa = PBXBuildFile; fileRef = 3811CD552A34ED4500886CE4 /* BLOOMFINALApp.swift */; };
		3811CD582A34ED4500886CE4 /* ContentView.swift in Sources */ = {isa = PBXBuildFile; fileRef = 3811CD572A34ED4500886CE4 /* ContentView.swift */; };
		3811CD5A2A34ED4600886CE4 /* Assets.xcassets in Resources */ = {isa = PBXBuildFile; fileRef = 3811CD592A34ED4600886CE4 /* Assets.xcassets */; };
		3811CD5D2A34ED4600886CE4 /* Preview Assets.xcassets in Resources */ = {isa = PBXBuildFile; fileRef = 3811CD5C2A34ED4600886CE4 /* Preview Assets.xcassets */; };
		3811CD662A3500BC00886CE4 /* FirebaseAuth in Frameworks */ = {isa = PBXBuildFile; productRef = 3811CD652A3500BC00886CE4 /* FirebaseAuth */; };
		3811CD682A3500BC00886CE4 /* FirebaseFirestore in Frameworks */ = {isa = PBXBuildFile; productRef = 3811CD672A3500BC00886CE4 /* FirebaseFirestore */; };
		3811CD6A2A35016400886CE4 /* GoogleService-Info.plist in Resources */ = {isa = PBXBuildFile; fileRef = 3811CD692A35016400886CE4 /* GoogleService-Info.plist */; };
		3811CD702A35022100886CE4 /* LoginView.swift in Sources */ = {isa = PBXBuildFile; fileRef = 3811CD6F2A35022100886CE4 /* LoginView.swift */; };
		3811CD732A35AF7400886CE4 /* iPhoneNumberField in Frameworks */ = {isa = PBXBuildFile; productRef = 3811CD722A35AF7400886CE4 /* iPhoneNumberField */; };
		3811CD762A36BE0400886CE4 /* FirebaseFirestoreSwift in Frameworks */ = {isa = PBXBuildFile; productRef = 3811CD752A36BE0400886CE4 /* FirebaseFirestoreSwift */; };
		3811CD782A36BE0C00886CE4 /* FirebaseStorage in Frameworks */ = {isa = PBXBuildFile; productRef = 3811CD772A36BE0C00886CE4 /* FirebaseStorage */; };
		3811CD7C2A36C7E200886CE4 /* User.swift in Sources */ = {isa = PBXBuildFile; fileRef = 3811CD7B2A36C7E200886CE4 /* User.swift */; };
		3811CD7E2A36D0F800886CE4 /* LoadingView.swift in Sources */ = {isa = PBXBuildFile; fileRef = 3811CD7D2A36D0F800886CE4 /* LoadingView.swift */; };
		3811CD812A36E8BC00886CE4 /* RegisterView.swift in Sources */ = {isa = PBXBuildFile; fileRef = 3811CD802A36E8BC00886CE4 /* RegisterView.swift */; };
		3811CD832A36E9AF00886CE4 /* Views + Extensions.swift in Sources */ = {isa = PBXBuildFile; fileRef = 3811CD822A36E9AF00886CE4 /* Views + Extensions.swift */; };
		3811CD862A36F69800886CE4 /* HomeView.swift in Sources */ = {isa = PBXBuildFile; fileRef = 3811CD852A36F69800886CE4 /* HomeView.swift */; };
		3811CD882A36F94100886CE4 /* ProfileView.swift in Sources */ = {isa = PBXBuildFile; fileRef = 3811CD872A36F94100886CE4 /* ProfileView.swift */; };
		3811CD8A2A37047C00886CE4 /* ProfileContentView.swift in Sources */ = {isa = PBXBuildFile; fileRef = 3811CD892A37047C00886CE4 /* ProfileContentView.swift */; };
		3811CD8E2A3715BB00886CE4 /* Event.swift in Sources */ = {isa = PBXBuildFile; fileRef = 3811CD8D2A3715BB00886CE4 /* Event.swift */; };
		38B298112A38C50500F9A559 /* SDWebImageSwiftUI in Frameworks */ = {isa = PBXBuildFile; productRef = 38B298102A38C50500F9A559 /* SDWebImageSwiftUI */; };
		38CCC48D2A37B16300E350C9 /* MapItemPicker in Frameworks */ = {isa = PBXBuildFile; productRef = 38CCC48C2A37B16300E350C9 /* MapItemPicker */; };
		38CCC48F2A385D6800E350C9 /* ExploreView.swift in Sources */ = {isa = PBXBuildFile; fileRef = 38CCC48E2A385D6800E350C9 /* ExploreView.swift */; };
		38CCC4912A385F7400E350C9 /* HostEventView.swift in Sources */ = {isa = PBXBuildFile; fileRef = 38CCC4902A385F7400E350C9 /* HostEventView.swift */; };
		38CCC4932A386ACD00E350C9 /* EventContentView.swift in Sources */ = {isa = PBXBuildFile; fileRef = 38CCC4922A386ACD00E350C9 /* EventContentView.swift */; };
		38CCC4952A38A02900E350C9 /* EventCardView.swift in Sources */ = {isa = PBXBuildFile; fileRef = 38CCC4942A38A02900E350C9 /* EventCardView.swift */; };
/* End PBXBuildFile section */

/* Begin PBXFileReference section */
		0E869C832A390325004DD6C0 /* CreateNewEvent.swift */ = {isa = PBXFileReference; lastKnownFileType = sourcecode.swift; path = CreateNewEvent.swift; sourceTree = "<group>"; };
		3811CD522A34ED4500886CE4 /* BLOOMFINAL.app */ = {isa = PBXFileReference; explicitFileType = wrapper.application; includeInIndex = 0; path = BLOOMFINAL.app; sourceTree = BUILT_PRODUCTS_DIR; };
		3811CD552A34ED4500886CE4 /* BLOOMFINALApp.swift */ = {isa = PBXFileReference; lastKnownFileType = sourcecode.swift; path = BLOOMFINALApp.swift; sourceTree = "<group>"; };
		3811CD572A34ED4500886CE4 /* ContentView.swift */ = {isa = PBXFileReference; lastKnownFileType = sourcecode.swift; path = ContentView.swift; sourceTree = "<group>"; };
		3811CD592A34ED4600886CE4 /* Assets.xcassets */ = {isa = PBXFileReference; lastKnownFileType = folder.assetcatalog; path = Assets.xcassets; sourceTree = "<group>"; };
		3811CD5C2A34ED4600886CE4 /* Preview Assets.xcassets */ = {isa = PBXFileReference; lastKnownFileType = folder.assetcatalog; path = "Preview Assets.xcassets"; sourceTree = "<group>"; };
		3811CD692A35016400886CE4 /* GoogleService-Info.plist */ = {isa = PBXFileReference; fileEncoding = 4; lastKnownFileType = text.plist.xml; path = "GoogleService-Info.plist"; sourceTree = "<group>"; };
		3811CD6F2A35022100886CE4 /* LoginView.swift */ = {isa = PBXFileReference; lastKnownFileType = sourcecode.swift; path = LoginView.swift; sourceTree = "<group>"; };
		3811CD7B2A36C7E200886CE4 /* User.swift */ = {isa = PBXFileReference; lastKnownFileType = sourcecode.swift; path = User.swift; sourceTree = "<group>"; };
		3811CD7D2A36D0F800886CE4 /* LoadingView.swift */ = {isa = PBXFileReference; lastKnownFileType = sourcecode.swift; path = LoadingView.swift; sourceTree = "<group>"; };
		3811CD802A36E8BC00886CE4 /* RegisterView.swift */ = {isa = PBXFileReference; lastKnownFileType = sourcecode.swift; path = RegisterView.swift; sourceTree = "<group>"; };
		3811CD822A36E9AF00886CE4 /* Views + Extensions.swift */ = {isa = PBXFileReference; lastKnownFileType = sourcecode.swift; path = "Views + Extensions.swift"; sourceTree = "<group>"; };
		3811CD852A36F69800886CE4 /* HomeView.swift */ = {isa = PBXFileReference; lastKnownFileType = sourcecode.swift; path = HomeView.swift; sourceTree = "<group>"; };
		3811CD872A36F94100886CE4 /* ProfileView.swift */ = {isa = PBXFileReference; lastKnownFileType = sourcecode.swift; path = ProfileView.swift; sourceTree = "<group>"; };
		3811CD892A37047C00886CE4 /* ProfileContentView.swift */ = {isa = PBXFileReference; lastKnownFileType = sourcecode.swift; path = ProfileContentView.swift; sourceTree = "<group>"; };
		3811CD8D2A3715BB00886CE4 /* Event.swift */ = {isa = PBXFileReference; lastKnownFileType = sourcecode.swift; path = Event.swift; sourceTree = "<group>"; };
		38CCC48E2A385D6800E350C9 /* ExploreView.swift */ = {isa = PBXFileReference; lastKnownFileType = sourcecode.swift; path = ExploreView.swift; sourceTree = "<group>"; };
		38CCC4902A385F7400E350C9 /* HostEventView.swift */ = {isa = PBXFileReference; lastKnownFileType = sourcecode.swift; path = HostEventView.swift; sourceTree = "<group>"; };
		38CCC4922A386ACD00E350C9 /* EventContentView.swift */ = {isa = PBXFileReference; lastKnownFileType = sourcecode.swift; path = EventContentView.swift; sourceTree = "<group>"; };
		38CCC4942A38A02900E350C9 /* EventCardView.swift */ = {isa = PBXFileReference; lastKnownFileType = sourcecode.swift; path = EventCardView.swift; sourceTree = "<group>"; };
/* End PBXFileReference section */

/* Begin PBXFrameworksBuildPhase section */
		3811CD4F2A34ED4500886CE4 /* Frameworks */ = {
			isa = PBXFrameworksBuildPhase;
			buildActionMask = 2147483647;
			files = (
				38B298112A38C50500F9A559 /* SDWebImageSwiftUI in Frameworks */,
				3811CD662A3500BC00886CE4 /* FirebaseAuth in Frameworks */,
				3811CD682A3500BC00886CE4 /* FirebaseFirestore in Frameworks */,
				38CCC48D2A37B16300E350C9 /* MapItemPicker in Frameworks */,
				3811CD732A35AF7400886CE4 /* iPhoneNumberField in Frameworks */,
				3811CD782A36BE0C00886CE4 /* FirebaseStorage in Frameworks */,
				3811CD762A36BE0400886CE4 /* FirebaseFirestoreSwift in Frameworks */,
			);
			runOnlyForDeploymentPostprocessing = 0;
		};
/* End PBXFrameworksBuildPhase section */

/* Begin PBXGroup section */
		3811CD492A34ED4500886CE4 = {
			isa = PBXGroup;
			children = (
				3811CD542A34ED4500886CE4 /* BLOOMFINAL */,
				3811CD532A34ED4500886CE4 /* Products */,
				3811CD742A36BE0400886CE4 /* Frameworks */,
			);
			sourceTree = "<group>";
		};
		3811CD532A34ED4500886CE4 /* Products */ = {
			isa = PBXGroup;
			children = (
				3811CD522A34ED4500886CE4 /* BLOOMFINAL.app */,
			);
			name = Products;
			sourceTree = "<group>";
		};
		3811CD542A34ED4500886CE4 /* BLOOMFINAL */ = {
			isa = PBXGroup;
			children = (
				3811CD6C2A3501E100886CE4 /* Model */,
				3811CD6B2A3501C900886CE4 /* View */,
				3811CD692A35016400886CE4 /* GoogleService-Info.plist */,
				3811CD552A34ED4500886CE4 /* BLOOMFINALApp.swift */,
				3811CD572A34ED4500886CE4 /* ContentView.swift */,
				3811CD592A34ED4600886CE4 /* Assets.xcassets */,
				3811CD5B2A34ED4600886CE4 /* Preview Content */,
			);
			path = BLOOMFINAL;
			sourceTree = "<group>";
		};
		3811CD5B2A34ED4600886CE4 /* Preview Content */ = {
			isa = PBXGroup;
			children = (
				3811CD5C2A34ED4600886CE4 /* Preview Assets.xcassets */,
			);
			path = "Preview Content";
			sourceTree = "<group>";
		};
		3811CD6B2A3501C900886CE4 /* View */ = {
			isa = PBXGroup;
			children = (
				3811CD842A36EA3E00886CE4 /* Main */,
				3811CD7F2A36E89700886CE4 /* Login */,
				3811CD7D2A36D0F800886CE4 /* LoadingView.swift */,
				3811CD822A36E9AF00886CE4 /* Views + Extensions.swift */,
			);
			path = View;
			sourceTree = "<group>";
		};
		3811CD6C2A3501E100886CE4 /* Model */ = {
			isa = PBXGroup;
			children = (
				3811CD7B2A36C7E200886CE4 /* User.swift */,
				3811CD8D2A3715BB00886CE4 /* Event.swift */,
			);
			path = Model;
			sourceTree = "<group>";
		};
		3811CD742A36BE0400886CE4 /* Frameworks */ = {
			isa = PBXGroup;
			children = (
			);
			name = Frameworks;
			sourceTree = "<group>";
		};
		3811CD7F2A36E89700886CE4 /* Login */ = {
			isa = PBXGroup;
			children = (
				3811CD6F2A35022100886CE4 /* LoginView.swift */,
				3811CD802A36E8BC00886CE4 /* RegisterView.swift */,
			);
			path = Login;
			sourceTree = "<group>";
		};
		3811CD842A36EA3E00886CE4 /* Main */ = {
			isa = PBXGroup;
			children = (
				3811CD852A36F69800886CE4 /* HomeView.swift */,
				3811CD872A36F94100886CE4 /* ProfileView.swift */,
				3811CD892A37047C00886CE4 /* ProfileContentView.swift */,
				0E869C832A390325004DD6C0 /* CreateNewEvent.swift */,
				38CCC48E2A385D6800E350C9 /* ExploreView.swift */,
				38CCC4902A385F7400E350C9 /* HostEventView.swift */,
				38CCC4922A386ACD00E350C9 /* EventContentView.swift */,
				38CCC4942A38A02900E350C9 /* EventCardView.swift */,
			);
			path = Main;
			sourceTree = "<group>";
		};
/* End PBXGroup section */

/* Begin PBXNativeTarget section */
		3811CD512A34ED4500886CE4 /* BLOOMFINAL */ = {
			isa = PBXNativeTarget;
			buildConfigurationList = 3811CD602A34ED4600886CE4 /* Build configuration list for PBXNativeTarget "BLOOMFINAL" */;
			buildPhases = (
				3811CD4E2A34ED4500886CE4 /* Sources */,
				3811CD4F2A34ED4500886CE4 /* Frameworks */,
				3811CD502A34ED4500886CE4 /* Resources */,
			);
			buildRules = (
			);
			dependencies = (
			);
			name = BLOOMFINAL;
			packageProductDependencies = (
				3811CD652A3500BC00886CE4 /* FirebaseAuth */,
				3811CD672A3500BC00886CE4 /* FirebaseFirestore */,
				3811CD722A35AF7400886CE4 /* iPhoneNumberField */,
				3811CD752A36BE0400886CE4 /* FirebaseFirestoreSwift */,
				3811CD772A36BE0C00886CE4 /* FirebaseStorage */,
				38CCC48C2A37B16300E350C9 /* MapItemPicker */,
				38B298102A38C50500F9A559 /* SDWebImageSwiftUI */,
			);
			productName = BLOOMFINAL;
			productReference = 3811CD522A34ED4500886CE4 /* BLOOMFINAL.app */;
			productType = "com.apple.product-type.application";
		};
/* End PBXNativeTarget section */

/* Begin PBXProject section */
		3811CD4A2A34ED4500886CE4 /* Project object */ = {
			isa = PBXProject;
			attributes = {
				BuildIndependentTargetsInParallel = 1;
				LastSwiftUpdateCheck = 1430;
				LastUpgradeCheck = 1430;
				TargetAttributes = {
					3811CD512A34ED4500886CE4 = {
						CreatedOnToolsVersion = 14.3.1;
					};
				};
			};
			buildConfigurationList = 3811CD4D2A34ED4500886CE4 /* Build configuration list for PBXProject "BLOOMFINAL" */;
			compatibilityVersion = "Xcode 14.0";
			developmentRegion = en;
			hasScannedForEncodings = 0;
			knownRegions = (
				en,
				Base,
			);
			mainGroup = 3811CD492A34ED4500886CE4;
			packageReferences = (
				3811CD642A3500BC00886CE4 /* XCRemoteSwiftPackageReference "firebase-ios-sdk" */,
				3811CD712A35AF7400886CE4 /* XCRemoteSwiftPackageReference "iPhoneNumberField" */,
				38CCC48B2A37B16300E350C9 /* XCRemoteSwiftPackageReference "swiftui-map-item-picker" */,
				38B2980F2A38C50500F9A559 /* XCRemoteSwiftPackageReference "SDWebImageSwiftUI" */,
			);
			productRefGroup = 3811CD532A34ED4500886CE4 /* Products */;
			projectDirPath = "";
			projectRoot = "";
			targets = (
				3811CD512A34ED4500886CE4 /* BLOOMFINAL */,
			);
		};
/* End PBXProject section */

/* Begin PBXResourcesBuildPhase section */
		3811CD502A34ED4500886CE4 /* Resources */ = {
			isa = PBXResourcesBuildPhase;
			buildActionMask = 2147483647;
			files = (
				3811CD5D2A34ED4600886CE4 /* Preview Assets.xcassets in Resources */,
				3811CD6A2A35016400886CE4 /* GoogleService-Info.plist in Resources */,
				3811CD5A2A34ED4600886CE4 /* Assets.xcassets in Resources */,
			);
			runOnlyForDeploymentPostprocessing = 0;
		};
/* End PBXResourcesBuildPhase section */

/* Begin PBXSourcesBuildPhase section */
		3811CD4E2A34ED4500886CE4 /* Sources */ = {
			isa = PBXSourcesBuildPhase;
			buildActionMask = 2147483647;
			files = (
				3811CD7C2A36C7E200886CE4 /* User.swift in Sources */,
				3811CD882A36F94100886CE4 /* ProfileView.swift in Sources */,
				3811CD702A35022100886CE4 /* LoginView.swift in Sources */,
				3811CD8E2A3715BB00886CE4 /* Event.swift in Sources */,
				38CCC4952A38A02900E350C9 /* EventCardView.swift in Sources */,
				3811CD582A34ED4500886CE4 /* ContentView.swift in Sources */,
				3811CD812A36E8BC00886CE4 /* RegisterView.swift in Sources */,
				38CCC4912A385F7400E350C9 /* HostEventView.swift in Sources */,
				38CCC48F2A385D6800E350C9 /* ExploreView.swift in Sources */,
				3811CD832A36E9AF00886CE4 /* Views + Extensions.swift in Sources */,
				38CCC4932A386ACD00E350C9 /* EventContentView.swift in Sources */,
				3811CD862A36F69800886CE4 /* HomeView.swift in Sources */,
				3811CD7E2A36D0F800886CE4 /* LoadingView.swift in Sources */,
				3811CD562A34ED4500886CE4 /* BLOOMFINALApp.swift in Sources */,
				0E869C842A390325004DD6C0 /* CreateNewEvent.swift in Sources */,
			);
			runOnlyForDeploymentPostprocessing = 0;
		};
/* End PBXSourcesBuildPhase section */

/* Begin XCBuildConfiguration section */
		3811CD5E2A34ED4600886CE4 /* Debug */ = {
			isa = XCBuildConfiguration;
			buildSettings = {
				ALWAYS_SEARCH_USER_PATHS = NO;
				CLANG_ANALYZER_NONNULL = YES;
				CLANG_ANALYZER_NUMBER_OBJECT_CONVERSION = YES_AGGRESSIVE;
				CLANG_CXX_LANGUAGE_STANDARD = "gnu++20";
				CLANG_ENABLE_MODULES = YES;
				CLANG_ENABLE_OBJC_ARC = YES;
				CLANG_ENABLE_OBJC_WEAK = YES;
				CLANG_WARN_BLOCK_CAPTURE_AUTORELEASING = YES;
				CLANG_WARN_BOOL_CONVERSION = YES;
				CLANG_WARN_COMMA = YES;
				CLANG_WARN_CONSTANT_CONVERSION = YES;
				CLANG_WARN_DEPRECATED_OBJC_IMPLEMENTATIONS = YES;
				CLANG_WARN_DIRECT_OBJC_ISA_USAGE = YES_ERROR;
				CLANG_WARN_DOCUMENTATION_COMMENTS = YES;
				CLANG_WARN_EMPTY_BODY = YES;
				CLANG_WARN_ENUM_CONVERSION = YES;
				CLANG_WARN_INFINITE_RECURSION = YES;
				CLANG_WARN_INT_CONVERSION = YES;
				CLANG_WARN_NON_LITERAL_NULL_CONVERSION = YES;
				CLANG_WARN_OBJC_IMPLICIT_RETAIN_SELF = YES;
				CLANG_WARN_OBJC_LITERAL_CONVERSION = YES;
				CLANG_WARN_OBJC_ROOT_CLASS = YES_ERROR;
				CLANG_WARN_QUOTED_INCLUDE_IN_FRAMEWORK_HEADER = YES;
				CLANG_WARN_RANGE_LOOP_ANALYSIS = YES;
				CLANG_WARN_STRICT_PROTOTYPES = YES;
				CLANG_WARN_SUSPICIOUS_MOVE = YES;
				CLANG_WARN_UNGUARDED_AVAILABILITY = YES_AGGRESSIVE;
				CLANG_WARN_UNREACHABLE_CODE = YES;
				CLANG_WARN__DUPLICATE_METHOD_MATCH = YES;
				COPY_PHASE_STRIP = NO;
				DEBUG_INFORMATION_FORMAT = dwarf;
				ENABLE_STRICT_OBJC_MSGSEND = YES;
				ENABLE_TESTABILITY = YES;
				GCC_C_LANGUAGE_STANDARD = gnu11;
				GCC_DYNAMIC_NO_PIC = NO;
				GCC_NO_COMMON_BLOCKS = YES;
				GCC_OPTIMIZATION_LEVEL = 0;
				GCC_PREPROCESSOR_DEFINITIONS = (
					"DEBUG=1",
					"$(inherited)",
				);
				GCC_WARN_64_TO_32_BIT_CONVERSION = YES;
				GCC_WARN_ABOUT_RETURN_TYPE = YES_ERROR;
				GCC_WARN_UNDECLARED_SELECTOR = YES;
				GCC_WARN_UNINITIALIZED_AUTOS = YES_AGGRESSIVE;
				GCC_WARN_UNUSED_FUNCTION = YES;
				GCC_WARN_UNUSED_VARIABLE = YES;
				IPHONEOS_DEPLOYMENT_TARGET = 16.4;
				MTL_ENABLE_DEBUG_INFO = INCLUDE_SOURCE;
				MTL_FAST_MATH = YES;
				ONLY_ACTIVE_ARCH = YES;
				SDKROOT = iphoneos;
				SWIFT_ACTIVE_COMPILATION_CONDITIONS = DEBUG;
				SWIFT_OPTIMIZATION_LEVEL = "-Onone";
			};
			name = Debug;
		};
		3811CD5F2A34ED4600886CE4 /* Release */ = {
			isa = XCBuildConfiguration;
			buildSettings = {
				ALWAYS_SEARCH_USER_PATHS = NO;
				CLANG_ANALYZER_NONNULL = YES;
				CLANG_ANALYZER_NUMBER_OBJECT_CONVERSION = YES_AGGRESSIVE;
				CLANG_CXX_LANGUAGE_STANDARD = "gnu++20";
				CLANG_ENABLE_MODULES = YES;
				CLANG_ENABLE_OBJC_ARC = YES;
				CLANG_ENABLE_OBJC_WEAK = YES;
				CLANG_WARN_BLOCK_CAPTURE_AUTORELEASING = YES;
				CLANG_WARN_BOOL_CONVERSION = YES;
				CLANG_WARN_COMMA = YES;
				CLANG_WARN_CONSTANT_CONVERSION = YES;
				CLANG_WARN_DEPRECATED_OBJC_IMPLEMENTATIONS = YES;
				CLANG_WARN_DIRECT_OBJC_ISA_USAGE = YES_ERROR;
				CLANG_WARN_DOCUMENTATION_COMMENTS = YES;
				CLANG_WARN_EMPTY_BODY = YES;
				CLANG_WARN_ENUM_CONVERSION = YES;
				CLANG_WARN_INFINITE_RECURSION = YES;
				CLANG_WARN_INT_CONVERSION = YES;
				CLANG_WARN_NON_LITERAL_NULL_CONVERSION = YES;
				CLANG_WARN_OBJC_IMPLICIT_RETAIN_SELF = YES;
				CLANG_WARN_OBJC_LITERAL_CONVERSION = YES;
				CLANG_WARN_OBJC_ROOT_CLASS = YES_ERROR;
				CLANG_WARN_QUOTED_INCLUDE_IN_FRAMEWORK_HEADER = YES;
				CLANG_WARN_RANGE_LOOP_ANALYSIS = YES;
				CLANG_WARN_STRICT_PROTOTYPES = YES;
				CLANG_WARN_SUSPICIOUS_MOVE = YES;
				CLANG_WARN_UNGUARDED_AVAILABILITY = YES_AGGRESSIVE;
				CLANG_WARN_UNREACHABLE_CODE = YES;
				CLANG_WARN__DUPLICATE_METHOD_MATCH = YES;
				COPY_PHASE_STRIP = NO;
				DEBUG_INFORMATION_FORMAT = "dwarf-with-dsym";
				ENABLE_NS_ASSERTIONS = NO;
				ENABLE_STRICT_OBJC_MSGSEND = YES;
				GCC_C_LANGUAGE_STANDARD = gnu11;
				GCC_NO_COMMON_BLOCKS = YES;
				GCC_WARN_64_TO_32_BIT_CONVERSION = YES;
				GCC_WARN_ABOUT_RETURN_TYPE = YES_ERROR;
				GCC_WARN_UNDECLARED_SELECTOR = YES;
				GCC_WARN_UNINITIALIZED_AUTOS = YES_AGGRESSIVE;
				GCC_WARN_UNUSED_FUNCTION = YES;
				GCC_WARN_UNUSED_VARIABLE = YES;
				IPHONEOS_DEPLOYMENT_TARGET = 16.4;
				MTL_ENABLE_DEBUG_INFO = NO;
				MTL_FAST_MATH = YES;
				SDKROOT = iphoneos;
				SWIFT_COMPILATION_MODE = wholemodule;
				SWIFT_OPTIMIZATION_LEVEL = "-O";
				VALIDATE_PRODUCT = YES;
			};
			name = Release;
		};
		3811CD612A34ED4600886CE4 /* Debug */ = {
			isa = XCBuildConfiguration;
			buildSettings = {
				ASSETCATALOG_COMPILER_APPICON_NAME = AppIcon;
				ASSETCATALOG_COMPILER_GLOBAL_ACCENT_COLOR_NAME = AccentColor;
				CODE_SIGN_STYLE = Automatic;
				CURRENT_PROJECT_VERSION = 1;
				DEVELOPMENT_ASSET_PATHS = "\"BLOOMFINAL/Preview Content\"";
				DEVELOPMENT_TEAM = "";
				ENABLE_PREVIEWS = YES;
				GENERATE_INFOPLIST_FILE = YES;
				INFOPLIST_KEY_UIApplicationSceneManifest_Generation = YES;
				INFOPLIST_KEY_UIApplicationSupportsIndirectInputEvents = YES;
				INFOPLIST_KEY_UILaunchScreen_Generation = YES;
				INFOPLIST_KEY_UISupportedInterfaceOrientations_iPad = "UIInterfaceOrientationPortrait UIInterfaceOrientationPortraitUpsideDown UIInterfaceOrientationLandscapeLeft UIInterfaceOrientationLandscapeRight";
				INFOPLIST_KEY_UISupportedInterfaceOrientations_iPhone = "UIInterfaceOrientationPortrait UIInterfaceOrientationLandscapeLeft UIInterfaceOrientationLandscapeRight";
				LD_RUNPATH_SEARCH_PATHS = (
					"$(inherited)",
					"@executable_path/Frameworks",
				);
				MARKETING_VERSION = 1.0;
				PRODUCT_BUNDLE_IDENTIFIER = com.sitz.BLOOMFINAL;
				PRODUCT_NAME = "$(TARGET_NAME)";
				SWIFT_EMIT_LOC_STRINGS = YES;
				SWIFT_VERSION = 5.0;
				TARGETED_DEVICE_FAMILY = "1,2";
			};
			name = Debug;
		};
		3811CD622A34ED4600886CE4 /* Release */ = {
			isa = XCBuildConfiguration;
			buildSettings = {
				ASSETCATALOG_COMPILER_APPICON_NAME = AppIcon;
				ASSETCATALOG_COMPILER_GLOBAL_ACCENT_COLOR_NAME = AccentColor;
				CODE_SIGN_STYLE = Automatic;
				CURRENT_PROJECT_VERSION = 1;
				DEVELOPMENT_ASSET_PATHS = "\"BLOOMFINAL/Preview Content\"";
				DEVELOPMENT_TEAM = "";
				ENABLE_PREVIEWS = YES;
				GENERATE_INFOPLIST_FILE = YES;
				INFOPLIST_KEY_UIApplicationSceneManifest_Generation = YES;
				INFOPLIST_KEY_UIApplicationSupportsIndirectInputEvents = YES;
				INFOPLIST_KEY_UILaunchScreen_Generation = YES;
				INFOPLIST_KEY_UISupportedInterfaceOrientations_iPad = "UIInterfaceOrientationPortrait UIInterfaceOrientationPortraitUpsideDown UIInterfaceOrientationLandscapeLeft UIInterfaceOrientationLandscapeRight";
				INFOPLIST_KEY_UISupportedInterfaceOrientations_iPhone = "UIInterfaceOrientationPortrait UIInterfaceOrientationLandscapeLeft UIInterfaceOrientationLandscapeRight";
				LD_RUNPATH_SEARCH_PATHS = (
					"$(inherited)",
					"@executable_path/Frameworks",
				);
				MARKETING_VERSION = 1.0;
				PRODUCT_BUNDLE_IDENTIFIER = com.sitz.BLOOMFINAL;
				PRODUCT_NAME = "$(TARGET_NAME)";
				SWIFT_EMIT_LOC_STRINGS = YES;
				SWIFT_VERSION = 5.0;
				TARGETED_DEVICE_FAMILY = "1,2";
			};
			name = Release;
		};
/* End XCBuildConfiguration section */

/* Begin XCConfigurationList section */
		3811CD4D2A34ED4500886CE4 /* Build configuration list for PBXProject "BLOOMFINAL" */ = {
			isa = XCConfigurationList;
			buildConfigurations = (
				3811CD5E2A34ED4600886CE4 /* Debug */,
				3811CD5F2A34ED4600886CE4 /* Release */,
			);
			defaultConfigurationIsVisible = 0;
			defaultConfigurationName = Release;
		};
		3811CD602A34ED4600886CE4 /* Build configuration list for PBXNativeTarget "BLOOMFINAL" */ = {
			isa = XCConfigurationList;
			buildConfigurations = (
				3811CD612A34ED4600886CE4 /* Debug */,
				3811CD622A34ED4600886CE4 /* Release */,
			);
			defaultConfigurationIsVisible = 0;
			defaultConfigurationName = Release;
		};
/* End XCConfigurationList section */

/* Begin XCRemoteSwiftPackageReference section */
		3811CD642A3500BC00886CE4 /* XCRemoteSwiftPackageReference "firebase-ios-sdk" */ = {
			isa = XCRemoteSwiftPackageReference;
			repositoryURL = "https://github.com/firebase/firebase-ios-sdk";
			requirement = {
				kind = upToNextMajorVersion;
				minimumVersion = 10.0.0;
			};
		};
		3811CD712A35AF7400886CE4 /* XCRemoteSwiftPackageReference "iPhoneNumberField" */ = {
			isa = XCRemoteSwiftPackageReference;
			repositoryURL = "https://github.com/MojtabaHs/iPhoneNumberField.git";
			requirement = {
				kind = upToNextMajorVersion;
				minimumVersion = 0.10.1;
			};
		};
		38B2980F2A38C50500F9A559 /* XCRemoteSwiftPackageReference "SDWebImageSwiftUI" */ = {
			isa = XCRemoteSwiftPackageReference;
			repositoryURL = "https://github.com/SDWebImage/SDWebImageSwiftUI.git";
			requirement = {
				kind = upToNextMajorVersion;
				minimumVersion = 2.0.0;
			};
		};
		38CCC48B2A37B16300E350C9 /* XCRemoteSwiftPackageReference "swiftui-map-item-picker" */ = {
			isa = XCRemoteSwiftPackageReference;
			repositoryURL = "https://github.com/lorenzofiamingo/swiftui-map-item-picker";
			requirement = {
				kind = upToNextMajorVersion;
				minimumVersion = 2.0.0;
			};
		};
/* End XCRemoteSwiftPackageReference section */

/* Begin XCSwiftPackageProductDependency section */
		3811CD652A3500BC00886CE4 /* FirebaseAuth */ = {
			isa = XCSwiftPackageProductDependency;
			package = 3811CD642A3500BC00886CE4 /* XCRemoteSwiftPackageReference "firebase-ios-sdk" */;
			productName = FirebaseAuth;
		};
		3811CD672A3500BC00886CE4 /* FirebaseFirestore */ = {
			isa = XCSwiftPackageProductDependency;
			package = 3811CD642A3500BC00886CE4 /* XCRemoteSwiftPackageReference "firebase-ios-sdk" */;
			productName = FirebaseFirestore;
		};
		3811CD722A35AF7400886CE4 /* iPhoneNumberField */ = {
			isa = XCSwiftPackageProductDependency;
			package = 3811CD712A35AF7400886CE4 /* XCRemoteSwiftPackageReference "iPhoneNumberField" */;
			productName = iPhoneNumberField;
		};
		3811CD752A36BE0400886CE4 /* FirebaseFirestoreSwift */ = {
			isa = XCSwiftPackageProductDependency;
			package = 3811CD642A3500BC00886CE4 /* XCRemoteSwiftPackageReference "firebase-ios-sdk" */;
			productName = FirebaseFirestoreSwift;
		};
		3811CD772A36BE0C00886CE4 /* FirebaseStorage */ = {
			isa = XCSwiftPackageProductDependency;
			package = 3811CD642A3500BC00886CE4 /* XCRemoteSwiftPackageReference "firebase-ios-sdk" */;
			productName = FirebaseStorage;
		};
		38B298102A38C50500F9A559 /* SDWebImageSwiftUI */ = {
			isa = XCSwiftPackageProductDependency;
			package = 38B2980F2A38C50500F9A559 /* XCRemoteSwiftPackageReference "SDWebImageSwiftUI" */;
			productName = SDWebImageSwiftUI;
		};
		38CCC48C2A37B16300E350C9 /* MapItemPicker */ = {
			isa = XCSwiftPackageProductDependency;
			package = 38CCC48B2A37B16300E350C9 /* XCRemoteSwiftPackageReference "swiftui-map-item-picker" */;
			productName = MapItemPicker;
		};
/* End XCSwiftPackageProductDependency section */
	};
	rootObject = 3811CD4A2A34ED4500886CE4 /* Project object */;
}
